
Microsoft Visual Studio Solution File, Format Version 12.00
# Visual Studio 15
VisualStudioVersion = 15.0.28307.329
MinimumVisualStudioVersion = 10.0.40219.1
Project("{FAE04EC0-301F-11D3-BF4B-00C04F79EFBC}") = "VRA.Dto", "VRA.Dto\VRA.Dto.csproj", "{03F7B1CF-BEED-4427-A441-4CEAB7FC39D5}"
EndProject
Project("{FAE04EC0-301F-11D3-BF4B-00C04F79EFBC}") = "VRA.BusinessLayer", "VRA.BusinessLayer\VRA.BusinessLayer.csproj", "{CB7615BF-C0BF-4C12-B07C-A11B44398DA9}"
EndProject
Project("{FAE04EC0-301F-11D3-BF4B-00C04F79EFBC}") = "VRA", "VRA\VRA.csproj", "{C97DB477-7B45-44B3-BB10-37793E82DE5F}"
EndProject
Project("{FAE04EC0-301F-11D3-BF4B-00C04F79EFBC}") = "VRA.DataAccess", "VRA.DataAccess\VRA.DataAccess.csproj", "{66B386CE-5D1D-41A4-8CF7-AEC16A4859B0}"
EndProject
Global
	GlobalSection(SolutionConfigurationPlatforms) = preSolution
		Debug|Any CPU = Debug|Any CPU
		Release|Any CPU = Release|Any CPU
	EndGlobalSection
	GlobalSection(ProjectConfigurationPlatforms) = postSolution
		{03F7B1CF-BEED-4427-A441-4CEAB7FC39D5}.Debug|Any CPU.ActiveCfg = Debug|Any CPU
		{03F7B1CF-BEED-4427-A441-4CEAB7FC39D5}.Debug|Any CPU.Build.0 = Debug|Any CPU
		{03F7B1CF-BEED-4427-A441-4CEAB7FC39D5}.Release|Any CPU.ActiveCfg = Release|Any CPU
		{03F7B1CF-BEED-4427-A441-4CEAB7FC39D5}.Release|Any CPU.Build.0 = Release|Any CPU
		{CB7615BF-C0BF-4C12-B07C-A11B44398DA9}.Debug|Any CPU.ActiveCfg = Debug|Any CPU
		{CB7615BF-C0BF-4C12-B07C-A11B44398DA9}.Debug|Any CPU.Build.0 = Debug|Any CPU
		{CB7615BF-C0BF-4C12-B07C-A11B44398DA9}.Release|Any CPU.ActiveCfg = Release|Any CPU
		{CB7615BF-C0BF-4C12-B07C-A11B44398DA9}.Release|Any CPU.Build.0 = Release|Any CPU
		{C97DB477-7B45-44B3-BB10-37793E82DE5F}.Debug|Any CPU.ActiveCfg = Debug|Any CPU
		{C97DB477-7B45-44B3-BB10-37793E82DE5F}.Debug|Any CPU.Build.0 = Debug|Any CPU
		{C97DB477-7B45-44B3-BB10-37793E82DE5F}.Release|Any CPU.ActiveCfg = Release|Any CPU
		{C97DB477-7B45-44B3-BB10-37793E82DE5F}.Release|Any CPU.Build.0 = Release|Any CPU
		{66B386CE-5D1D-41A4-8CF7-AEC16A4859B0}.Debug|Any CPU.ActiveCfg = Debug|Any CPU
		{66B386CE-5D1D-41A4-8CF7-AEC16A4859B0}.Debug|Any CPU.Build.0 = Debug|Any CPU
		{66B386CE-5D1D-41A4-8CF7-AEC16A4859B0}.Release|Any CPU.ActiveCfg = Release|Any CPU
		{66B386CE-5D1D-41A4-8CF7-AEC16A4859B0}.Release|Any CPU.Build.0 = Release|Any CPU
	EndGlobalSection
	GlobalSection(SolutionProperties) = preSolution
		HideSolutionNode = FALSE
	EndGlobalSection
	GlobalSection(ExtensibilityGlobals) = postSolution
		SolutionGuid = {3B578FA6-F1B4-4BE1-B986-31986B39BB4F}
	EndGlobalSection
EndGlobal
